// !$*UTF8*$!
{
	archiveVersion = 1;
	classes = {
	};
	objectVersion = 46;
	objects = {

/* Begin PBXBuildFile section */
		331AA5103BA604BD827ED27F /* Pods_Social.framework in Frameworks */ = {isa = PBXBuildFile; fileRef = 3EB4320AE9DBAF233CD4385F /* Pods_Social.framework */; };
		D8241B181F1E9574002BE329 /* FancyView.swift in Sources */ = {isa = PBXBuildFile; fileRef = D8241B171F1E9574002BE329 /* FancyView.swift */; };
		D8241B1B1F1E968C002BE329 /* Constants.swift in Sources */ = {isa = PBXBuildFile; fileRef = D8241B1A1F1E968C002BE329 /* Constants.swift */; };
		D8241B1D1F1E98AD002BE329 /* RoundBtn.swift in Sources */ = {isa = PBXBuildFile; fileRef = D8241B1C1F1E98AD002BE329 /* RoundBtn.swift */; };
		D82F04731F1949190065341B /* AppDelegate.swift in Sources */ = {isa = PBXBuildFile; fileRef = D82F04721F1949190065341B /* AppDelegate.swift */; };
		D82F04751F1949190065341B /* SignInVC.swift in Sources */ = {isa = PBXBuildFile; fileRef = D82F04741F1949190065341B /* SignInVC.swift */; };
		D82F04781F1949190065341B /* Main.storyboard in Resources */ = {isa = PBXBuildFile; fileRef = D82F04761F1949190065341B /* Main.storyboard */; };
		D82F047A1F19491A0065341B /* Assets.xcassets in Resources */ = {isa = PBXBuildFile; fileRef = D82F04791F19491A0065341B /* Assets.xcassets */; };
		D82F047D1F19491A0065341B /* LaunchScreen.storyboard in Resources */ = {isa = PBXBuildFile; fileRef = D82F047B1F19491A0065341B /* LaunchScreen.storyboard */; };
		D82F04851F194A280065341B /* GoogleService-Info.plist in Resources */ = {isa = PBXBuildFile; fileRef = D82F04841F194A280065341B /* GoogleService-Info.plist */; };
		D8D30DD61F1E9D7400D65107 /* FancyField.swift in Sources */ = {isa = PBXBuildFile; fileRef = D8D30DD51F1E9D7400D65107 /* FancyField.swift */; };
		D8D30DD81F1E9FAB00D65107 /* FancyBtn.swift in Sources */ = {isa = PBXBuildFile; fileRef = D8D30DD71F1E9FAA00D65107 /* FancyBtn.swift */; };
/* End PBXBuildFile section */

/* Begin PBXFileReference section */
		3EB4320AE9DBAF233CD4385F /* Pods_Social.framework */ = {isa = PBXFileReference; explicitFileType = wrapper.framework; includeInIndex = 0; path = Pods_Social.framework; sourceTree = BUILT_PRODUCTS_DIR; };
		7F80EC1066FD3F49EEA6D2E6 /* Pods-Social.release.xcconfig */ = {isa = PBXFileReference; includeInIndex = 1; lastKnownFileType = text.xcconfig; name = "Pods-Social.release.xcconfig"; path = "Pods/Target Support Files/Pods-Social/Pods-Social.release.xcconfig"; sourceTree = "<group>"; };
		AC2BDA957660E25BCE23FA7C /* Pods-Social.debug.xcconfig */ = {isa = PBXFileReference; includeInIndex = 1; lastKnownFileType = text.xcconfig; name = "Pods-Social.debug.xcconfig"; path = "Pods/Target Support Files/Pods-Social/Pods-Social.debug.xcconfig"; sourceTree = "<group>"; };
		D8241B171F1E9574002BE329 /* FancyView.swift */ = {isa = PBXFileReference; fileEncoding = 4; lastKnownFileType = sourcecode.swift; path = FancyView.swift; sourceTree = "<group>"; };
		D8241B1A1F1E968C002BE329 /* Constants.swift */ = {isa = PBXFileReference; fileEncoding = 4; lastKnownFileType = sourcecode.swift; path = Constants.swift; sourceTree = "<group>"; };
		D8241B1C1F1E98AD002BE329 /* RoundBtn.swift */ = {isa = PBXFileReference; fileEncoding = 4; lastKnownFileType = sourcecode.swift; path = RoundBtn.swift; sourceTree = "<group>"; };
		D82F046F1F1949190065341B /* Social.app */ = {isa = PBXFileReference; explicitFileType = wrapper.application; includeInIndex = 0; path = Social.app; sourceTree = BUILT_PRODUCTS_DIR; };
		D82F04721F1949190065341B /* AppDelegate.swift */ = {isa = PBXFileReference; lastKnownFileType = sourcecode.swift; path = AppDelegate.swift; sourceTree = "<group>"; };
		D82F04741F1949190065341B /* SignInVC.swift */ = {isa = PBXFileReference; lastKnownFileType = sourcecode.swift; path = SignInVC.swift; sourceTree = "<group>"; };
		D82F04771F1949190065341B /* Base */ = {isa = PBXFileReference; lastKnownFileType = file.storyboard; name = Base; path = Base.lproj/Main.storyboard; sourceTree = "<group>"; };
		D82F04791F19491A0065341B /* Assets.xcassets */ = {isa = PBXFileReference; lastKnownFileType = folder.assetcatalog; path = Assets.xcassets; sourceTree = "<group>"; };
		D82F047C1F19491A0065341B /* Base */ = {isa = PBXFileReference; lastKnownFileType = file.storyboard; name = Base; path = Base.lproj/LaunchScreen.storyboard; sourceTree = "<group>"; };
		D82F047E1F19491A0065341B /* Info.plist */ = {isa = PBXFileReference; lastKnownFileType = text.plist.xml; path = Info.plist; sourceTree = "<group>"; };
		D82F04841F194A280065341B /* GoogleService-Info.plist */ = {isa = PBXFileReference; fileEncoding = 4; lastKnownFileType = text.plist.xml; path = "GoogleService-Info.plist"; sourceTree = "<group>"; };
		D886A3021F20380500A23139 /* FBSDKCoreKit.framework */ = {isa = PBXFileReference; lastKnownFileType = wrapper.framework; name = FBSDKCoreKit.framework; path = "Pods/../build/Debug-iphoneos/FBSDKCoreKit/FBSDKCoreKit.framework"; sourceTree = "<group>"; };
		D886A3041F203A9F00A23139 /* FBSDKLoginKit.framework */ = {isa = PBXFileReference; lastKnownFileType = wrapper.framework; name = FBSDKLoginKit.framework; path = "Pods/../build/Debug-iphoneos/FBSDKLoginKit/FBSDKLoginKit.framework"; sourceTree = "<group>"; };
		D886A3061F203AAF00A23139 /* FBSDKShareKit.framework */ = {isa = PBXFileReference; lastKnownFileType = wrapper.framework; name = FBSDKShareKit.framework; path = "Pods/../build/Debug-iphoneos/FBSDKShareKit/FBSDKShareKit.framework"; sourceTree = "<group>"; };
		D8D30DD51F1E9D7400D65107 /* FancyField.swift */ = {isa = PBXFileReference; fileEncoding = 4; lastKnownFileType = sourcecode.swift; path = FancyField.swift; sourceTree = "<group>"; };
		D8D30DD71F1E9FAA00D65107 /* FancyBtn.swift */ = {isa = PBXFileReference; fileEncoding = 4; lastKnownFileType = sourcecode.swift; path = FancyBtn.swift; sourceTree = "<group>"; };
/* End PBXFileReference section */

/* Begin PBXFrameworksBuildPhase section */
		D82F046C1F1949170065341B /* Frameworks */ = {
			isa = PBXFrameworksBuildPhase;
			buildActionMask = 2147483647;
			files = (
				331AA5103BA604BD827ED27F /* Pods_Social.framework in Frameworks */,
			);
			runOnlyForDeploymentPostprocessing = 0;
		};
/* End PBXFrameworksBuildPhase section */

/* Begin PBXGroup section */
		3DE040B7AB246CE192F059F4 /* Frameworks */ = {
			isa = PBXGroup;
			children = (
				D886A3061F203AAF00A23139 /* FBSDKShareKit.framework */,
				D886A3041F203A9F00A23139 /* FBSDKLoginKit.framework */,
				D886A3021F20380500A23139 /* FBSDKCoreKit.framework */,
				3EB4320AE9DBAF233CD4385F /* Pods_Social.framework */,
			);
			name = Frameworks;
			sourceTree = "<group>";
		};
		D8241B191F1E966A002BE329 /* Util */ = {
			isa = PBXGroup;
			children = (
				D8241B1A1F1E968C002BE329 /* Constants.swift */,
			);
			name = Util;
			sourceTree = "<group>";
		};
		D82F04661F1949160065341B = {
			isa = PBXGroup;
			children = (
				D82F04711F1949190065341B /* Social */,
				D82F04701F1949190065341B /* Products */,
				EB12C0BF86DECAA5992C9F84 /* Pods */,
				3DE040B7AB246CE192F059F4 /* Frameworks */,
			);
			sourceTree = "<group>";
		};
		D82F04701F1949190065341B /* Products */ = {
			isa = PBXGroup;
			children = (
				D82F046F1F1949190065341B /* Social.app */,
			);
			name = Products;
			sourceTree = "<group>";
		};
		D82F04711F1949190065341B /* Social */ = {
			isa = PBXGroup;
			children = (
				D8241B191F1E966A002BE329 /* Util */,
				D858EFF71F194F6000D70451 /* Model */,
				D858EFF81F194F6400D70451 /* View */,
				D858EFF91F194F6900D70451 /* Controller */,
				D82F04721F1949190065341B /* AppDelegate.swift */,
				D82F04761F1949190065341B /* Main.storyboard */,
				D82F04791F19491A0065341B /* Assets.xcassets */,
				D82F047B1F19491A0065341B /* LaunchScreen.storyboard */,
				D82F047E1F19491A0065341B /* Info.plist */,
				D82F04841F194A280065341B /* GoogleService-Info.plist */,
			);
			path = Social;
			sourceTree = "<group>";
		};
		D858EFF71F194F6000D70451 /* Model */ = {
			isa = PBXGroup;
			children = (
			);
			name = Model;
			sourceTree = "<group>";
		};
		D858EFF81F194F6400D70451 /* View */ = {
			isa = PBXGroup;
			children = (
				D8241B171F1E9574002BE329 /* FancyView.swift */,
				D8241B1C1F1E98AD002BE329 /* RoundBtn.swift */,
				D8D30DD51F1E9D7400D65107 /* FancyField.swift */,
				D8D30DD71F1E9FAA00D65107 /* FancyBtn.swift */,
			);
			name = View;
			sourceTree = "<group>";
		};
		D858EFF91F194F6900D70451 /* Controller */ = {
			isa = PBXGroup;
			children = (
				D82F04741F1949190065341B /* SignInVC.swift */,
			);
			name = Controller;
			sourceTree = "<group>";
		};
		EB12C0BF86DECAA5992C9F84 /* Pods */ = {
			isa = PBXGroup;
			children = (
				AC2BDA957660E25BCE23FA7C /* Pods-Social.debug.xcconfig */,
				7F80EC1066FD3F49EEA6D2E6 /* Pods-Social.release.xcconfig */,
			);
			name = Pods;
			sourceTree = "<group>";
		};
/* End PBXGroup section */

/* Begin PBXNativeTarget section */
		D82F046E1F1949170065341B /* Social */ = {
			isa = PBXNativeTarget;
			buildConfigurationList = D82F04811F19491A0065341B /* Build configuration list for PBXNativeTarget "Social" */;
			buildPhases = (
				9B7D8854C0403748B02A2202 /* [CP] Check Pods Manifest.lock */,
				D82F046B1F1949170065341B /* Sources */,
				D82F046C1F1949170065341B /* Frameworks */,
				D82F046D1F1949170065341B /* Resources */,
				9AE4CA8D8EDCC077FCD34257 /* [CP] Embed Pods Frameworks */,
				3F229D205A7F7A37BE3B4496 /* [CP] Copy Pods Resources */,
			);
			buildRules = (
			);
			dependencies = (
			);
			name = Social;
			productName = Social;
			productReference = D82F046F1F1949190065341B /* Social.app */;
			productType = "com.apple.product-type.application";
		};
/* End PBXNativeTarget section */

/* Begin PBXProject section */
		D82F04671F1949160065341B /* Project object */ = {
			isa = PBXProject;
			attributes = {
				LastSwiftUpdateCheck = 0830;
				LastUpgradeCheck = 0830;
				ORGANIZATIONNAME = Shoenick;
				TargetAttributes = {
					D82F046E1F1949170065341B = {
						CreatedOnToolsVersion = 8.3.3;
						DevelopmentTeam = 98AMWJ4HC7;
						ProvisioningStyle = Automatic;
					};
				};
			};
			buildConfigurationList = D82F046A1F1949160065341B /* Build configuration list for PBXProject "Social" */;
			compatibilityVersion = "Xcode 3.2";
			developmentRegion = English;
			hasScannedForEncodings = 0;
			knownRegions = (
				en,
				Base,
			);
			mainGroup = D82F04661F1949160065341B;
			productRefGroup = D82F04701F1949190065341B /* Products */;
			projectDirPath = "";
			projectRoot = "";
			targets = (
				D82F046E1F1949170065341B /* Social */,
			);
		};
/* End PBXProject section */

/* Begin PBXResourcesBuildPhase section */
		D82F046D1F1949170065341B /* Resources */ = {
			isa = PBXResourcesBuildPhase;
			buildActionMask = 2147483647;
			files = (
				D82F04851F194A280065341B /* GoogleService-Info.plist in Resources */,
				D82F047D1F19491A0065341B /* LaunchScreen.storyboard in Resources */,
				D82F047A1F19491A0065341B /* Assets.xcassets in Resources */,
				D82F04781F1949190065341B /* Main.storyboard in Resources */,
			);
			runOnlyForDeploymentPostprocessing = 0;
		};
/* End PBXResourcesBuildPhase section */

/* Begin PBXShellScriptBuildPhase section */
		3F229D205A7F7A37BE3B4496 /* [CP] Copy Pods Resources */ = {
			isa = PBXShellScriptBuildPhase;
			buildActionMask = 2147483647;
			files = (
			);
			inputPaths = (
			);
			name = "[CP] Copy Pods Resources";
			outputPaths = (
			);
			runOnlyForDeploymentPostprocessing = 0;
			shellPath = /bin/sh;
			shellScript = "\"${SRCROOT}/Pods/Target Support Files/Pods-Social/Pods-Social-resources.sh\"\n";
			showEnvVarsInLog = 0;
		};
		9AE4CA8D8EDCC077FCD34257 /* [CP] Embed Pods Frameworks */ = {
			isa = PBXShellScriptBuildPhase;
			buildActionMask = 2147483647;
			files = (
			);
			inputPaths = (
				"${SRCROOT}/Pods/Target Support Files/Pods-Social/Pods-Social-frameworks.sh",
				"${BUILT_PRODUCTS_DIR}/Bolts/Bolts.framework",
				"${BUILT_PRODUCTS_DIR}/FBSDKCoreKit/FBSDKCoreKit.framework",
				"${BUILT_PRODUCTS_DIR}/FBSDKLoginKit/FBSDKLoginKit.framework",
				"${BUILT_PRODUCTS_DIR}/FBSDKShareKit/FBSDKShareKit.framework",
				"${BUILT_PRODUCTS_DIR}/FacebookCore/FacebookCore.framework",
				"${BUILT_PRODUCTS_DIR}/FacebookLogin/FacebookLogin.framework",
				"${BUILT_PRODUCTS_DIR}/FacebookShare/FacebookShare.framework",
				"${BUILT_PRODUCTS_DIR}/GTMSessionFetcher/GTMSessionFetcher.framework",
				"${BUILT_PRODUCTS_DIR}/GoogleToolboxForMac/GoogleToolboxForMac.framework",
				"${BUILT_PRODUCTS_DIR}/nanopb/nanopb.framework",
			);
			name = "[CP] Embed Pods Frameworks";
			outputPaths = (
				"${TARGET_BUILD_DIR}/${FRAMEWORKS_FOLDER_PATH}/Bolts.framework",
				"${TARGET_BUILD_DIR}/${FRAMEWORKS_FOLDER_PATH}/FBSDKCoreKit.framework",
				"${TARGET_BUILD_DIR}/${FRAMEWORKS_FOLDER_PATH}/FBSDKLoginKit.framework",
				"${TARGET_BUILD_DIR}/${FRAMEWORKS_FOLDER_PATH}/FBSDKShareKit.framework",
				"${TARGET_BUILD_DIR}/${FRAMEWORKS_FOLDER_PATH}/FacebookCore.framework",
				"${TARGET_BUILD_DIR}/${FRAMEWORKS_FOLDER_PATH}/FacebookLogin.framework",
				"${TARGET_BUILD_DIR}/${FRAMEWORKS_FOLDER_PATH}/FacebookShare.framework",
				"${TARGET_BUILD_DIR}/${FRAMEWORKS_FOLDER_PATH}/GTMSessionFetcher.framework",
				"${TARGET_BUILD_DIR}/${FRAMEWORKS_FOLDER_PATH}/GoogleToolboxForMac.framework",
				"${TARGET_BUILD_DIR}/${FRAMEWORKS_FOLDER_PATH}/nanopb.framework",
			);
			runOnlyForDeploymentPostprocessing = 0;
			shellPath = /bin/sh;
			shellScript = "\"${SRCROOT}/Pods/Target Support Files/Pods-Social/Pods-Social-frameworks.sh\"\n";
			showEnvVarsInLog = 0;
		};
		9B7D8854C0403748B02A2202 /* [CP] Check Pods Manifest.lock */ = {
			isa = PBXShellScriptBuildPhase;
			buildActionMask = 2147483647;
			files = (
			);
			inputPaths = (
				"${PODS_PODFILE_DIR_PATH}/Podfile.lock",
				"${PODS_ROOT}/Manifest.lock",
			);
			name = "[CP] Check Pods Manifest.lock";
			outputPaths = (
				"$(DERIVED_FILE_DIR)/Pods-Social-checkManifestLockResult.txt",
			);
			runOnlyForDeploymentPostprocessing = 0;
			shellPath = /bin/sh;
			shellScript = "diff \"${PODS_PODFILE_DIR_PATH}/Podfile.lock\" \"${PODS_ROOT}/Manifest.lock\" > /dev/null\nif [ $? != 0 ] ; then\n    # print error to STDERR\n    echo \"error: The sandbox is not in sync with the Podfile.lock. Run 'pod install' or update your CocoaPods installation.\" >&2\n    exit 1\nfi\n# This output is used by Xcode 'outputs' to avoid re-running this script phase.\necho \"SUCCESS\" > \"${SCRIPT_OUTPUT_FILE_0}\"\n";
			showEnvVarsInLog = 0;
		};
/* End PBXShellScriptBuildPhase section */

/* Begin PBXSourcesBuildPhase section */
		D82F046B1F1949170065341B /* Sources */ = {
			isa = PBXSourcesBuildPhase;
			buildActionMask = 2147483647;
			files = (
				D8D30DD61F1E9D7400D65107 /* FancyField.swift in Sources */,
				D82F04751F1949190065341B /* SignInVC.swift in Sources */,
				D8241B1D1F1E98AD002BE329 /* RoundBtn.swift in Sources */,
				D82F04731F1949190065341B /* AppDelegate.swift in Sources */,
				D8241B181F1E9574002BE329 /* FancyView.swift in Sources */,
				D8241B1B1F1E968C002BE329 /* Constants.swift in Sources */,
				D8D30DD81F1E9FAB00D65107 /* FancyBtn.swift in Sources */,
			);
			runOnlyForDeploymentPostprocessing = 0;
		};
/* End PBXSourcesBuildPhase section */

/* Begin PBXVariantGroup section */
		D82F04761F1949190065341B /* Main.storyboard */ = {
			isa = PBXVariantGroup;
			children = (
				D82F04771F1949190065341B /* Base */,
			);
			name = Main.storyboard;
			sourceTree = "<group>";
		};
		D82F047B1F19491A0065341B /* LaunchScreen.storyboard */ = {
			isa = PBXVariantGroup;
			children = (
				D82F047C1F19491A0065341B /* Base */,
			);
			name = LaunchScreen.storyboard;
			sourceTree = "<group>";
		};
/* End PBXVariantGroup section */

/* Begin XCBuildConfiguration section */
		D82F047F1F19491A0065341B /* Debug */ = {
			isa = XCBuildConfiguration;
			buildSettings = {
				ALWAYS_SEARCH_USER_PATHS = NO;
				CLANG_ANALYZER_NONNULL = YES;
				CLANG_ANALYZER_NUMBER_OBJECT_CONVERSION = YES_AGGRESSIVE;
				CLANG_CXX_LANGUAGE_STANDARD = "gnu++0x";
				CLANG_CXX_LIBRARY = "libc++";
				CLANG_ENABLE_MODULES = YES;
				CLANG_ENABLE_OBJC_ARC = YES;
				CLANG_WARN_BOOL_CONVERSION = YES;
				CLANG_WARN_CONSTANT_CONVERSION = YES;
				CLANG_WARN_DIRECT_OBJC_ISA_USAGE = YES_ERROR;
				CLANG_WARN_DOCUMENTATION_COMMENTS = YES;
				CLANG_WARN_EMPTY_BODY = YES;
				CLANG_WARN_ENUM_CONVERSION = YES;
				CLANG_WARN_INFINITE_RECURSION = YES;
				CLANG_WARN_INT_CONVERSION = YES;
				CLANG_WARN_OBJC_ROOT_CLASS = YES_ERROR;
				CLANG_WARN_SUSPICIOUS_MOVE = YES;
				CLANG_WARN_UNREACHABLE_CODE = YES;
				CLANG_WARN__DUPLICATE_METHOD_MATCH = YES;
				"CODE_SIGN_IDENTITY[sdk=iphoneos*]" = "iPhone Developer";
				COPY_PHASE_STRIP = NO;
				DEBUG_INFORMATION_FORMAT = dwarf;
				ENABLE_STRICT_OBJC_MSGSEND = YES;
				ENABLE_TESTABILITY = YES;
				GCC_C_LANGUAGE_STANDARD = gnu99;
				GCC_DYNAMIC_NO_PIC = NO;
				GCC_NO_COMMON_BLOCKS = YES;
				GCC_OPTIMIZATION_LEVEL = 0;
				GCC_PREPROCESSOR_DEFINITIONS = (
					"DEBUG=1",
					"$(inherited)",
				);
				GCC_WARN_64_TO_32_BIT_CONVERSION = YES;
				GCC_WARN_ABOUT_RETURN_TYPE = YES_ERROR;
				GCC_WARN_UNDECLARED_SELECTOR = YES;
				GCC_WARN_UNINITIALIZED_AUTOS = YES_AGGRESSIVE;
				GCC_WARN_UNUSED_FUNCTION = YES;
				GCC_WARN_UNUSED_VARIABLE = YES;
				IPHONEOS_DEPLOYMENT_TARGET = 10.3;
				MTL_ENABLE_DEBUG_INFO = YES;
				ONLY_ACTIVE_ARCH = YES;
				SDKROOT = iphoneos;
				SWIFT_ACTIVE_COMPILATION_CONDITIONS = DEBUG;
				SWIFT_OPTIMIZATION_LEVEL = "-Onone";
				TARGETED_DEVICE_FAMILY = "1,2";
			};
			name = Debug;
		};
		D82F04801F19491A0065341B /* Release */ = {
			isa = XCBuildConfiguration;
			buildSettings = {
				ALWAYS_SEARCH_USER_PATHS = NO;
				CLANG_ANALYZER_NONNULL = YES;
				CLANG_ANALYZER_NUMBER_OBJECT_CONVERSION = YES_AGGRESSIVE;
				CLANG_CXX_LANGUAGE_STANDARD = "gnu++0x";
				CLANG_CXX_LIBRARY = "libc++";
				CLANG_ENABLE_MODULES = YES;
				CLANG_ENABLE_OBJC_ARC = YES;
				CLANG_WARN_BOOL_CONVERSION = YES;
				CLANG_WARN_CONSTANT_CONVERSION = YES;
				CLANG_WARN_DIRECT_OBJC_ISA_USAGE = YES_ERROR;
				CLANG_WARN_DOCUMENTATION_COMMENTS = YES;
				CLANG_WARN_EMPTY_BODY = YES;
				CLANG_WARN_ENUM_CONVERSION = YES;
				CLANG_WARN_INFINITE_RECURSION = YES;
				CLANG_WARN_INT_CONVERSION = YES;
				CLANG_WARN_OBJC_ROOT_CLASS = YES_ERROR;
				CLANG_WARN_SUSPICIOUS_MOVE = YES;
				CLANG_WARN_UNREACHABLE_CODE = YES;
				CLANG_WARN__DUPLICATE_METHOD_MATCH = YES;
				"CODE_SIGN_IDENTITY[sdk=iphoneos*]" = "iPhone Developer";
				COPY_PHASE_STRIP = NO;
				DEBUG_INFORMATION_FORMAT = "dwarf-with-dsym";
				ENABLE_NS_ASSERTIONS = NO;
				ENABLE_STRICT_OBJC_MSGSEND = YES;
				GCC_C_LANGUAGE_STANDARD = gnu99;
				GCC_NO_COMMON_BLOCKS = YES;
				GCC_WARN_64_TO_32_BIT_CONVERSION = YES;
				GCC_WARN_ABOUT_RETURN_TYPE = YES_ERROR;
				GCC_WARN_UNDECLARED_SELECTOR = YES;
				GCC_WARN_UNINITIALIZED_AUTOS = YES_AGGRESSIVE;
				GCC_WARN_UNUSED_FUNCTION = YES;
				GCC_WARN_UNUSED_VARIABLE = YES;
				IPHONEOS_DEPLOYMENT_TARGET = 10.3;
				MTL_ENABLE_DEBUG_INFO = NO;
				SDKROOT = iphoneos;
				SWIFT_OPTIMIZATION_LEVEL = "-Owholemodule";
				TARGETED_DEVICE_FAMILY = "1,2";
				VALIDATE_PRODUCT = YES;
			};
			name = Release;
		};
		D82F04821F19491A0065341B /* Debug */ = {
			isa = XCBuildConfiguration;
			baseConfigurationReference = AC2BDA957660E25BCE23FA7C /* Pods-Social.debug.xcconfig */;
			buildSettings = {
				ASSETCATALOG_COMPILER_APPICON_NAME = AppIcon;
				DEVELOPMENT_TEAM = 98AMWJ4HC7;
				FRAMEWORK_SEARCH_PATHS = (
					"$(inherited)",
					"$(PROJECT_DIR)/build/Debug-iphoneos/FBSDKCoreKit",
					"$(PROJECT_DIR)/build/Debug-iphoneos/FBSDKLoginKit",
					"$(PROJECT_DIR)/build/Debug-iphoneos/FBSDKShareKit",
				);
				INFOPLIST_FILE = Social/Info.plist;
				LD_RUNPATH_SEARCH_PATHS = "$(inherited) @executable_path/Frameworks";
				PRODUCT_BUNDLE_IDENTIFIER = com.shoenick.Social;
				PRODUCT_NAME = "$(TARGET_NAME)";
				SWIFT_VERSION = 3.0;
			};
			name = Debug;
		};
		D82F04831F19491A0065341B /* Release */ = {
			isa = XCBuildConfiguration;
			baseConfigurationReference = 7F80EC1066FD3F49EEA6D2E6 /* Pods-Social.release.xcconfig */;
			buildSettings = {
				ASSETCATALOG_COMPILER_APPICON_NAME = AppIcon;
				DEVELOPMENT_TEAM = 98AMWJ4HC7;
				FRAMEWORK_SEARCH_PATHS = (
					"$(inherited)",
					"$(PROJECT_DIR)/build/Debug-iphoneos/FBSDKCoreKit",
					"$(PROJECT_DIR)/build/Debug-iphoneos/FBSDKLoginKit",
					"$(PROJECT_DIR)/build/Debug-iphoneos/FBSDKShareKit",
				);
				INFOPLIST_FILE = Social/Info.plist;
				LD_RUNPATH_SEARCH_PATHS = "$(inherited) @executable_path/Frameworks";
				PRODUCT_BUNDLE_IDENTIFIER = com.shoenick.Social;
				PRODUCT_NAME = "$(TARGET_NAME)";
				SWIFT_VERSION = 3.0;
			};
			name = Release;
		};
/* End XCBuildConfiguration section */

/* Begin XCConfigurationList section */
		D82F046A1F1949160065341B /* Build configuration list for PBXProject "Social" */ = {
			isa = XCConfigurationList;
			buildConfigurations = (
				D82F047F1F19491A0065341B /* Debug */,
				D82F04801F19491A0065341B /* Release */,
			);
			defaultConfigurationIsVisible = 0;
			defaultConfigurationName = Release;
		};
		D82F04811F19491A0065341B /* Build configuration list for PBXNativeTarget "Social" */ = {
			isa = XCConfigurationList;
			buildConfigurations = (
				D82F04821F19491A0065341B /* Debug */,
				D82F04831F19491A0065341B /* Release */,
			);
			defaultConfigurationIsVisible = 0;
			defaultConfigurationName = Release;
		};
/* End XCConfigurationList section */
	};
	rootObject = D82F04671F1949160065341B /* Project object */;
}
